// !$*UTF8*$!
{
	archiveVersion = 1;
	classes = {
	};
	objectVersion = 46;
	objects = {

/* Begin PBXBuildFile section */
		960E5B681E6AAF3B00DD7E52 /* main.m in Sources */ = {isa = PBXBuildFile; fileRef = 960E5B671E6AAF3B00DD7E52 /* main.m */; };
		960E5B6B1E6AAF3B00DD7E52 /* AppDelegate.m in Sources */ = {isa = PBXBuildFile; fileRef = 960E5B6A1E6AAF3B00DD7E52 /* AppDelegate.m */; };
		960E5B6E1E6AAF3B00DD7E52 /* ViewController.m in Sources */ = {isa = PBXBuildFile; fileRef = 960E5B6D1E6AAF3B00DD7E52 /* ViewController.m */; };
		960E5B711E6AAF3B00DD7E52 /* Main.storyboard in Resources */ = {isa = PBXBuildFile; fileRef = 960E5B6F1E6AAF3B00DD7E52 /* Main.storyboard */; };
		960E5B731E6AAF3B00DD7E52 /* Assets.xcassets in Resources */ = {isa = PBXBuildFile; fileRef = 960E5B721E6AAF3B00DD7E52 /* Assets.xcassets */; };
		960E5B761E6AAF3B00DD7E52 /* LaunchScreen.storyboard in Resources */ = {isa = PBXBuildFile; fileRef = 960E5B741E6AAF3B00DD7E52 /* LaunchScreen.storyboard */; };
		960E5B811E6AAF3B00DD7E52 /* Learn_FFmpegTests.m in Sources */ = {isa = PBXBuildFile; fileRef = 960E5B801E6AAF3B00DD7E52 /* Learn_FFmpegTests.m */; };
/* End PBXBuildFile section */

/* Begin PBXContainerItemProxy section */
		960E5B7D1E6AAF3B00DD7E52 /* PBXContainerItemProxy */ = {
			isa = PBXContainerItemProxy;
			containerPortal = 960E5B5B1E6AAF3B00DD7E52 /* Project object */;
			proxyType = 1;
			remoteGlobalIDString = 960E5B621E6AAF3B00DD7E52;
			remoteInfo = "Learn-FFmpeg";
		};
/* End PBXContainerItemProxy section */

/* Begin PBXFileReference section */
		960E5B631E6AAF3B00DD7E52 /* Learn-FFmpeg.app */ = {isa = PBXFileReference; explicitFileType = wrapper.application; includeInIndex = 0; path = "Learn-FFmpeg.app"; sourceTree = BUILT_PRODUCTS_DIR; };
		960E5B671E6AAF3B00DD7E52 /* main.m */ = {isa = PBXFileReference; lastKnownFileType = sourcecode.c.objc; path = main.m; sourceTree = "<group>"; };
		960E5B691E6AAF3B00DD7E52 /* AppDelegate.h */ = {isa = PBXFileReference; lastKnownFileType = sourcecode.c.h; path = AppDelegate.h; sourceTree = "<group>"; };
		960E5B6A1E6AAF3B00DD7E52 /* AppDelegate.m */ = {isa = PBXFileReference; lastKnownFileType = sourcecode.c.objc; path = AppDelegate.m; sourceTree = "<group>"; };
		960E5B6C1E6AAF3B00DD7E52 /* ViewController.h */ = {isa = PBXFileReference; lastKnownFileType = sourcecode.c.h; path = ViewController.h; sourceTree = "<group>"; };
		960E5B6D1E6AAF3B00DD7E52 /* ViewController.m */ = {isa = PBXFileReference; lastKnownFileType = sourcecode.c.objc; path = ViewController.m; sourceTree = "<group>"; };
		960E5B701E6AAF3B00DD7E52 /* Base */ = {isa = PBXFileReference; lastKnownFileType = file.storyboard; name = Base; path = Base.lproj/Main.storyboard; sourceTree = "<group>"; };
		960E5B721E6AAF3B00DD7E52 /* Assets.xcassets */ = {isa = PBXFileReference; lastKnownFileType = folder.assetcatalog; path = Assets.xcassets; sourceTree = "<group>"; };
		960E5B751E6AAF3B00DD7E52 /* Base */ = {isa = PBXFileReference; lastKnownFileType = file.storyboard; name = Base; path = Base.lproj/LaunchScreen.storyboard; sourceTree = "<group>"; };
		960E5B771E6AAF3B00DD7E52 /* Info.plist */ = {isa = PBXFileReference; lastKnownFileType = text.plist.xml; path = Info.plist; sourceTree = "<group>"; };
		960E5B7C1E6AAF3B00DD7E52 /* Learn-FFmpegTests.xctest */ = {isa = PBXFileReference; explicitFileType = wrapper.cfbundle; includeInIndex = 0; path = "Learn-FFmpegTests.xctest"; sourceTree = BUILT_PRODUCTS_DIR; };
		960E5B801E6AAF3B00DD7E52 /* Learn_FFmpegTests.m */ = {isa = PBXFileReference; lastKnownFileType = sourcecode.c.objc; path = Learn_FFmpegTests.m; sourceTree = "<group>"; };
		960E5B821E6AAF3B00DD7E52 /* Info.plist */ = {isa = PBXFileReference; lastKnownFileType = text.plist.xml; path = Info.plist; sourceTree = "<group>"; };
/* End PBXFileReference section */

/* Begin PBXFrameworksBuildPhase section */
		960E5B601E6AAF3B00DD7E52 /* Frameworks */ = {
			isa = PBXFrameworksBuildPhase;
			buildActionMask = 2147483647;
			files = (
			);
			runOnlyForDeploymentPostprocessing = 0;
		};
		960E5B791E6AAF3B00DD7E52 /* Frameworks */ = {
			isa = PBXFrameworksBuildPhase;
			buildActionMask = 2147483647;
			files = (
			);
			runOnlyForDeploymentPostprocessing = 0;
		};
/* End PBXFrameworksBuildPhase section */

/* Begin PBXGroup section */
		960E5B5A1E6AAF3B00DD7E52 = {
			isa = PBXGroup;
			children = (
				960E5B651E6AAF3B00DD7E52 /* Learn-FFmpeg */,
				960E5B7F1E6AAF3B00DD7E52 /* Learn-FFmpegTests */,
				960E5B641E6AAF3B00DD7E52 /* Products */,
			);
			sourceTree = "<group>";
		};
		960E5B641E6AAF3B00DD7E52 /* Products */ = {
			isa = PBXGroup;
			children = (
				960E5B631E6AAF3B00DD7E52 /* Learn-FFmpeg.app */,
				960E5B7C1E6AAF3B00DD7E52 /* Learn-FFmpegTests.xctest */,
			);
			name = Products;
			sourceTree = "<group>";
		};
		960E5B651E6AAF3B00DD7E52 /* Learn-FFmpeg */ = {
			isa = PBXGroup;
			children = (
				960E5B691E6AAF3B00DD7E52 /* AppDelegate.h */,
				960E5B6A1E6AAF3B00DD7E52 /* AppDelegate.m */,
				960E5B6C1E6AAF3B00DD7E52 /* ViewController.h */,
				960E5B6D1E6AAF3B00DD7E52 /* ViewController.m */,
				960E5B6F1E6AAF3B00DD7E52 /* Main.storyboard */,
				960E5B721E6AAF3B00DD7E52 /* Assets.xcassets */,
				960E5B741E6AAF3B00DD7E52 /* LaunchScreen.storyboard */,
				960E5B771E6AAF3B00DD7E52 /* Info.plist */,
				960E5B661E6AAF3B00DD7E52 /* Supporting Files */,
			);
			path = "Learn-FFmpeg";
			sourceTree = "<group>";
		};
		960E5B661E6AAF3B00DD7E52 /* Supporting Files */ = {
			isa = PBXGroup;
			children = (
				960E5B671E6AAF3B00DD7E52 /* main.m */,
			);
			name = "Supporting Files";
			sourceTree = "<group>";
		};
		960E5B7F1E6AAF3B00DD7E52 /* Learn-FFmpegTests */ = {
			isa = PBXGroup;
			children = (
				960E5B801E6AAF3B00DD7E52 /* Learn_FFmpegTests.m */,
				960E5B821E6AAF3B00DD7E52 /* Info.plist */,
			);
			path = "Learn-FFmpegTests";
			sourceTree = "<group>";
		};
/* End PBXGroup section */

/* Begin PBXNativeTarget section */
		960E5B621E6AAF3B00DD7E52 /* Learn-FFmpeg */ = {
			isa = PBXNativeTarget;
			buildConfigurationList = 960E5B851E6AAF3B00DD7E52 /* Build configuration list for PBXNativeTarget "Learn-FFmpeg" */;
			buildPhases = (
				960E5B5F1E6AAF3B00DD7E52 /* Sources */,
				960E5B601E6AAF3B00DD7E52 /* Frameworks */,
				960E5B611E6AAF3B00DD7E52 /* Resources */,
			);
			buildRules = (
			);
			dependencies = (
			);
			name = "Learn-FFmpeg";
			productName = "Learn-FFmpeg";
			productReference = 960E5B631E6AAF3B00DD7E52 /* Learn-FFmpeg.app */;
			productType = "com.apple.product-type.application";
		};
		960E5B7B1E6AAF3B00DD7E52 /* Learn-FFmpegTests */ = {
			isa = PBXNativeTarget;
			buildConfigurationList = 960E5B881E6AAF3B00DD7E52 /* Build configuration list for PBXNativeTarget "Learn-FFmpegTests" */;
			buildPhases = (
				960E5B781E6AAF3B00DD7E52 /* Sources */,
				960E5B791E6AAF3B00DD7E52 /* Frameworks */,
				960E5B7A1E6AAF3B00DD7E52 /* Resources */,
			);
			buildRules = (
			);
			dependencies = (
				960E5B7E1E6AAF3B00DD7E52 /* PBXTargetDependency */,
			);
			name = "Learn-FFmpegTests";
			productName = "Learn-FFmpegTests";
			productReference = 960E5B7C1E6AAF3B00DD7E52 /* Learn-FFmpegTests.xctest */;
			productType = "com.apple.product-type.bundle.unit-test";
		};
/* End PBXNativeTarget section */

/* Begin PBXProject section */
		960E5B5B1E6AAF3B00DD7E52 /* Project object */ = {
			isa = PBXProject;
			attributes = {
				LastUpgradeCheck = 0820;
				ORGANIZATIONNAME = Jason;
				TargetAttributes = {
					960E5B621E6AAF3B00DD7E52 = {
						CreatedOnToolsVersion = 8.2.1;
						DevelopmentTeam = ZEY359R7A4;
						ProvisioningStyle = Automatic;
					};
					960E5B7B1E6AAF3B00DD7E52 = {
						CreatedOnToolsVersion = 8.2.1;
						DevelopmentTeam = ZEY359R7A4;
						ProvisioningStyle = Automatic;
						TestTargetID = 960E5B621E6AAF3B00DD7E52;
					};
				};
			};
			buildConfigurationList = 960E5B5E1E6AAF3B00DD7E52 /* Build configuration list for PBXProject "Learn-FFmpeg" */;
			compatibilityVersion = "Xcode 3.2";
			developmentRegion = English;
			hasScannedForEncodings = 0;
			knownRegions = (
				en,
				Base,
			);
			mainGroup = 960E5B5A1E6AAF3B00DD7E52;
			productRefGroup = 960E5B641E6AAF3B00DD7E52 /* Products */;
			projectDirPath = "";
			projectRoot = "";
			targets = (
				960E5B621E6AAF3B00DD7E52 /* Learn-FFmpeg */,
				960E5B7B1E6AAF3B00DD7E52 /* Learn-FFmpegTests */,
			);
		};
/* End PBXProject section */

/* Begin PBXResourcesBuildPhase section */
		960E5B611E6AAF3B00DD7E52 /* Resources */ = {
			isa = PBXResourcesBuildPhase;
			buildActionMask = 2147483647;
			files = (
				960E5B761E6AAF3B00DD7E52 /* LaunchScreen.storyboard in Resources */,
				960E5B731E6AAF3B00DD7E52 /* Assets.xcassets in Resources */,
				960E5B711E6AAF3B00DD7E52 /* Main.storyboard in Resources */,
			);
			runOnlyForDeploymentPostprocessing = 0;
		};
		960E5B7A1E6AAF3B00DD7E52 /* Resources */ = {
			isa = PBXResourcesBuildPhase;
			buildActionMask = 2147483647;
			files = (
			);
			runOnlyForDeploymentPostprocessing = 0;
		};
/* End PBXResourcesBuildPhase section */

/* Begin PBXSourcesBuildPhase section */
		960E5B5F1E6AAF3B00DD7E52 /* Sources */ = {
			isa = PBXSourcesBuildPhase;
			buildActionMask = 2147483647;
			files = (
				960E5B6E1E6AAF3B00DD7E52 /* ViewController.m in Sources */,
				960E5B6B1E6AAF3B00DD7E52 /* AppDelegate.m in Sources */,
				960E5B681E6AAF3B00DD7E52 /* main.m in Sources */,
			);
			runOnlyForDeploymentPostprocessing = 0;
		};
		960E5B781E6AAF3B00DD7E52 /* Sources */ = {
			isa = PBXSourcesBuildPhase;
			buildActionMask = 2147483647;
			files = (
				960E5B811E6AAF3B00DD7E52 /* Learn_FFmpegTests.m in Sources */,
			);
			runOnlyForDeploymentPostprocessing = 0;
		};
/* End PBXSourcesBuildPhase section */

/* Begin PBXTargetDependency section */
		960E5B7E1E6AAF3B00DD7E52 /* PBXTargetDependency */ = {
			isa = PBXTargetDependency;
			target = 960E5B621E6AAF3B00DD7E52 /* Learn-FFmpeg */;
			targetProxy = 960E5B7D1E6AAF3B00DD7E52 /* PBXContainerItemProxy */;
		};
/* End PBXTargetDependency section */

/* Begin PBXVariantGroup section */
		960E5B6F1E6AAF3B00DD7E52 /* Main.storyboard */ = {
			isa = PBXVariantGroup;
			children = (
				960E5B701E6AAF3B00DD7E52 /* Base */,
			);
			name = Main.storyboard;
			sourceTree = "<group>";
		};
		960E5B741E6AAF3B00DD7E52 /* LaunchScreen.storyboard */ = {
			isa = PBXVariantGroup;
			children = (
				960E5B751E6AAF3B00DD7E52 /* Base */,
			);
			name = LaunchScreen.storyboard;
			sourceTree = "<group>";
		};
/* End PBXVariantGroup section */

/* Begin XCBuildConfiguration section */
		960E5B831E6AAF3B00DD7E52 /* Debug */ = {
			isa = XCBuildConfiguration;
			buildSettings = {
				ALWAYS_SEARCH_USER_PATHS = NO;
				CLANG_ANALYZER_NONNULL = YES;
				CLANG_CXX_LANGUAGE_STANDARD = "gnu++0x";
				CLANG_CXX_LIBRARY = "libc++";
				CLANG_ENABLE_MODULES = YES;
				CLANG_ENABLE_OBJC_ARC = YES;
				CLANG_WARN_BOOL_CONVERSION = YES;
				CLANG_WARN_CONSTANT_CONVERSION = YES;
				CLANG_WARN_DIRECT_OBJC_ISA_USAGE = YES_ERROR;
				CLANG_WARN_DOCUMENTATION_COMMENTS = YES;
				CLANG_WARN_EMPTY_BODY = YES;
				CLANG_WARN_ENUM_CONVERSION = YES;
				CLANG_WARN_INFINITE_RECURSION = YES;
				CLANG_WARN_INT_CONVERSION = YES;
				CLANG_WARN_OBJC_ROOT_CLASS = YES_ERROR;
				CLANG_WARN_SUSPICIOUS_MOVE = YES;
				CLANG_WARN_UNREACHABLE_CODE = YES;
				CLANG_WARN__DUPLICATE_METHOD_MATCH = YES;
				"CODE_SIGN_IDENTITY[sdk=iphoneos*]" = "iPhone Developer";
				COPY_PHASE_STRIP = NO;
				DEBUG_INFORMATION_FORMAT = dwarf;
				ENABLE_STRICT_OBJC_MSGSEND = YES;
				ENABLE_TESTABILITY = YES;
				GCC_C_LANGUAGE_STANDARD = gnu99;
				GCC_DYNAMIC_NO_PIC = NO;
				GCC_NO_COMMON_BLOCKS = YES;
				GCC_OPTIMIZATION_LEVEL = 0;
				GCC_PREPROCESSOR_DEFINITIONS = (
					"DEBUG=1",
					"$(inherited)",
				);
				GCC_WARN_64_TO_32_BIT_CONVERSION = YES;
				GCC_WARN_ABOUT_RETURN_TYPE = YES_ERROR;
				GCC_WARN_UNDECLARED_SELECTOR = YES;
				GCC_WARN_UNINITIALIZED_AUTOS = YES_AGGRESSIVE;
				GCC_WARN_UNUSED_FUNCTION = YES;
				GCC_WARN_UNUSED_VARIABLE = YES;
				IPHONEOS_DEPLOYMENT_TARGET = 10.2;
				MTL_ENABLE_DEBUG_INFO = YES;
				ONLY_ACTIVE_ARCH = YES;
				SDKROOT = iphoneos;
			};
			name = Debug;
		};
		960E5B841E6AAF3B00DD7E52 /* Release */ = {
			isa = XCBuildConfiguration;
			buildSettings = {
				ALWAYS_SEARCH_USER_PATHS = NO;
				CLANG_ANALYZER_NONNULL = YES;
				CLANG_CXX_LANGUAGE_STANDARD = "gnu++0x";
				CLANG_CXX_LIBRARY = "libc++";
				CLANG_ENABLE_MODULES = YES;
				CLANG_ENABLE_OBJC_ARC = YES;
				CLANG_WARN_BOOL_CONVERSION = YES;
				CLANG_WARN_CONSTANT_CONVERSION = YES;
				CLANG_WARN_DIRECT_OBJC_ISA_USAGE = YES_ERROR;
				CLANG_WARN_DOCUMENTATION_COMMENTS = YES;
				CLANG_WARN_EMPTY_BODY = YES;
				CLANG_WARN_ENUM_CONVERSION = YES;
				CLANG_WARN_INFINITE_RECURSION = YES;
				CLANG_WARN_INT_CONVERSION = YES;
				CLANG_WARN_OBJC_ROOT_CLASS = YES_ERROR;
				CLANG_WARN_SUSPICIOUS_MOVE = YES;
				CLANG_WARN_UNREACHABLE_CODE = YES;
				CLANG_WARN__DUPLICATE_METHOD_MATCH = YES;
				"CODE_SIGN_IDENTITY[sdk=iphoneos*]" = "iPhone Developer";
				COPY_PHASE_STRIP = NO;
				DEBUG_INFORMATION_FORMAT = "dwarf-with-dsym";
				ENABLE_NS_ASSERTIONS = NO;
				ENABLE_STRICT_OBJC_MSGSEND = YES;
				GCC_C_LANGUAGE_STANDARD = gnu99;
				GCC_NO_COMMON_BLOCKS = YES;
				GCC_WARN_64_TO_32_BIT_CONVERSION = YES;
				GCC_WARN_ABOUT_RETURN_TYPE = YES_ERROR;
				GCC_WARN_UNDECLARED_SELECTOR = YES;
				GCC_WARN_UNINITIALIZED_AUTOS = YES_AGGRESSIVE;
				GCC_WARN_UNUSED_FUNCTION = YES;
				GCC_WARN_UNUSED_VARIABLE = YES;
				IPHONEOS_DEPLOYMENT_TARGET = 10.2;
				MTL_ENABLE_DEBUG_INFO = NO;
				SDKROOT = iphoneos;
				VALIDATE_PRODUCT = YES;
			};
			name = Release;
		};
		960E5B861E6AAF3B00DD7E52 /* Debug */ = {
			isa = XCBuildConfiguration;
			buildSettings = {
				ASSETCATALOG_COMPILER_APPICON_NAME = AppIcon;
				DEVELOPMENT_TEAM = ZEY359R7A4;
				INFOPLIST_FILE = "Learn-FFmpeg/Info.plist";
				LD_RUNPATH_SEARCH_PATHS = "$(inherited) @executable_path/Frameworks";
				PRODUCT_BUNDLE_IDENTIFIER = "com.coder.Learn-FFmpeg";
				PRODUCT_NAME = "$(TARGET_NAME)";
			};
			name = Debug;
		};
		960E5B871E6AAF3B00DD7E52 /* Release */ = {
			isa = XCBuildConfiguration;
			buildSettings = {
				ASSETCATALOG_COMPILER_APPICON_NAME = AppIcon;
				DEVELOPMENT_TEAM = ZEY359R7A4;
				INFOPLIST_FILE = "Learn-FFmpeg/Info.plist";
				LD_RUNPATH_SEARCH_PATHS = "$(inherited) @executable_path/Frameworks";
				PRODUCT_BUNDLE_IDENTIFIER = "com.coder.Learn-FFmpeg";
				PRODUCT_NAME = "$(TARGET_NAME)";
			};
			name = Release;
		};
		960E5B891E6AAF3B00DD7E52 /* Debug */ = {
			isa = XCBuildConfiguration;
			buildSettings = {
				BUNDLE_LOADER = "$(TEST_HOST)";
				DEVELOPMENT_TEAM = ZEY359R7A4;
				INFOPLIST_FILE = "Learn-FFmpegTests/Info.plist";
				LD_RUNPATH_SEARCH_PATHS = "$(inherited) @executable_path/Frameworks @loader_path/Frameworks";
				PRODUCT_BUNDLE_IDENTIFIER = "com.coder.Learn-FFmpegTests";
				PRODUCT_NAME = "$(TARGET_NAME)";
				TEST_HOST = "$(BUILT_PRODUCTS_DIR)/Learn-FFmpeg.app/Learn-FFmpeg";
			};
			name = Debug;
		};
		960E5B8A1E6AAF3B00DD7E52 /* Release */ = {
			isa = XCBuildConfiguration;
			buildSettings = {
				BUNDLE_LOADER = "$(TEST_HOST)";
				DEVELOPMENT_TEAM = ZEY359R7A4;
				INFOPLIST_FILE = "Learn-FFmpegTests/Info.plist";
				LD_RUNPATH_SEARCH_PATHS = "$(inherited) @executable_path/Frameworks @loader_path/Frameworks";
				PRODUCT_BUNDLE_IDENTIFIER = "com.coder.Learn-FFmpegTests";
				PRODUCT_NAME = "$(TARGET_NAME)";
				TEST_HOST = "$(BUILT_PRODUCTS_DIR)/Learn-FFmpeg.app/Learn-FFmpeg";
			};
			name = Release;
		};
/* End XCBuildConfiguration section */

/* Begin XCConfigurationList section */
		960E5B5E1E6AAF3B00DD7E52 /* Build configuration list for PBXProject "Learn-FFmpeg" */ = {
			isa = XCConfigurationList;
			buildConfigurations = (
				960E5B831E6AAF3B00DD7E52 /* Debug */,
				960E5B841E6AAF3B00DD7E52 /* Release */,
			);
			defaultConfigurationIsVisible = 0;
			defaultConfigurationName = Release;
		};
		960E5B851E6AAF3B00DD7E52 /* Build configuration list for PBXNativeTarget "Learn-FFmpeg" */ = {
			isa = XCConfigurationList;
			buildConfigurations = (
				960E5B861E6AAF3B00DD7E52 /* Debug */,
				960E5B871E6AAF3B00DD7E52 /* Release */,
			);
			defaultConfigurationIsVisible = 0;
		};
		960E5B881E6AAF3B00DD7E52 /* Build configuration list for PBXNativeTarget "Learn-FFmpegTests" */ = {
			isa = XCConfigurationList;
			buildConfigurations = (
				960E5B891E6AAF3B00DD7E52 /* Debug */,
				960E5B8A1E6AAF3B00DD7E52 /* Release */,
			);
			defaultConfigurationIsVisible = 0;
		};
/* End XCConfigurationList section */
	};
	rootObject = 960E5B5B1E6AAF3B00DD7E52 /* Project object */;
}
